
Microsoft Visual Studio Solution File, Format Version 12.00
# Visual Studio Version 17
VisualStudioVersion = 17.7.34024.191
MinimumVisualStudioVersion = 10.0.40219.1
Project("{FAE04EC0-301F-11D3-BF4B-00C04F79EFBC}") = "MacroCalc", "MacroCalc\MacroCalc.csproj", "{443EFAA1-9524-441A-B5E8-A79D2685493D}"
EndProject
Global
	GlobalSection(SolutionConfigurationPlatforms) = preSolution
		Debug|Any CPU = Debug|Any CPU
		Release|Any CPU = Release|Any CPU
	EndGlobalSection
	GlobalSection(ProjectConfigurationPlatforms) = postSolution
		{443EFAA1-9524-441A-B5E8-A79D2685493D}.Debug|Any CPU.ActiveCfg = Debug|Any CPU
		{443EFAA1-9524-441A-B5E8-A79D2685493D}.Debug|Any CPU.Build.0 = Debug|Any CPU
		{443EFAA1-9524-441A-B5E8-A79D2685493D}.Release|Any CPU.ActiveCfg = Release|Any CPU
		{443EFAA1-9524-441A-B5E8-A79D2685493D}.Release|Any CPU.Build.0 = Release|Any CPU
	EndGlobalSection
	GlobalSection(SolutionProperties) = preSolution
		HideSolutionNode = FALSE
	EndGlobalSection
	GlobalSection(ExtensibilityGlobals) = postSolution
		SolutionGuid = {37089D10-28C6-479E-926C-65EB66D09C63}
	EndGlobalSection
EndGlobal
